hash: f42dd4ddb917715f4f4d255131733bdffb38396f9df86f2fafc1f557e38af989
updated: 2019-04-03T19:49:25.205525588+08:00
imports:
- name: github.com/beorn7/perks
  version: 3a771d992973f24aa725d07868b467d1ddfceafb
  subpackages:
  - quantile
- name: github.com/coreos/etcd
  version: d57e8b8d97adfc4a6c224fe116714bf1a1f3beb9
  subpackages:
  - client
  - pkg/pathutil
  - pkg/srv
  - pkg/types
  - version
- name: github.com/coreos/go-semver
  version: 8ab6407b697782a06568d4b7f1db25550ec2e4c6
  subpackages:
  - semver
- name: github.com/cznic/mathutil
  version: 297441e035482346a960053c9ea29669b13e1025
- name: github.com/emirpasic/gods
  version: 1615341f118ae12f353cc8a983f35b584342c9b3
  subpackages:
  - containers
  - maps
  - maps/treemap
  - trees
  - trees/redblacktree
  - utils
- name: github.com/gin-contrib/gzip
  version: b07653c4b4b188bf0af293ae44b72e7ac9623a17
- name: github.com/gin-contrib/sse
  version: 5545eab6dad3bbbd6c5ae9186383c2a9d23c0dae
- name: github.com/gin-gonic/gin
  version: b869fe1415e4b9eb52f247441830d502aece2d4d
  subpackages:
  - binding
  - json
  - render
- name: github.com/go-ini/ini
  version: c85607071cf08ca1adaf48319cd1aa322e81d8c1
- name: github.com/golang/protobuf
  version: 1e59b77b52bf8e4b449a57e6f79f21226d571845
  subpackages:
  - jsonpb
  - proto
- name: github.com/json-iterator/go
  version: 0ff49de124c6f76f8494e194af75bde0f1a49a29
- name: github.com/mattn/go-isatty
  version: c2a7a6ca930a4cd0bc33a3f298eb71960732a3a7
- name: github.com/matttproud/golang_protobuf_extensions
  version: c182affec369e30f25d3eb8cd8a478dee585ae7d
  subpackages:
  - pbutil
- name: github.com/modern-go/concurrent
  version: bacd9c7ef1dd9b15be4a9909b8ac7a4e313eec94
- name: github.com/modern-go/reflect2
  version: 94122c33edd36123c84d5368cfb2b69df93a0ec8
- name: github.com/pingcap/check
  version: 67f458068fc864dabf17e38d4d337f28430d13ed
- name: github.com/pingcap/errors
  version: 8abfc136a5aa7f8e997266a3d04a51adeeb07e97
- name: github.com/pingcap/tipb
  version: 833c2ffd2fe7aad5224dd7c2b05fb24bc109e969
  subpackages:
  - go-tipb
  - sharedbytes
- name: github.com/prometheus/client_golang
  version: 505eaef017263e299324067d40ca2c48f6a2cf50
  subpackages:
  - prometheus
  - prometheus/internal
  - prometheus/promhttp
- name: github.com/prometheus/client_model
  version: 6f3806018612930941127f2a7c6c453ba2c527d2
  subpackages:
  - go
- name: github.com/prometheus/common
  version: e3fb1a1acd7605367a2b378bc2e2f893c05174b7
  subpackages:
  - expfmt
  - internal/bitbucket.org/ww/goautoneg
  - model
- name: github.com/prometheus/procfs
  version: a6e9df898b1336106c743392c48ee0b71f5c4efa
  subpackages:
  - xfs
- name: github.com/remyoudompheng/bigfft
  version: 2f0d2b0e0001de06353cbb0b73aa00072ecf879a
- name: github.com/ugorji/go
  version: bdcc60b419d136a85cdf2e7cbcac34b3f1cd6e57
  subpackages:
  - codec
- name: golang.org/x/sys
  version: ebfc5b4631820b793c9010c87fd8fef0f39eb082
  subpackages:
  - unix
- name: gopkg.in/go-playground/validator.v8
  version: 5f1438d3fca68893a817e4a66806cea46a9e4ebf
- name: gopkg.in/yaml.v2
  version: cd8b52f8269e0feb286dfeef29f8fe4d5b397e0b
testImports: []
